// !$*UTF8*$!
{
	archiveVersion = 1;
	classes = {
	};
	objectVersion = 55;
	objects = {

/* Begin PBXBuildFile section */
		D077991F28EC28C000AE8BAD /* AppDelegate.swift in Sources */ = {isa = PBXBuildFile; fileRef = D077991E28EC28C000AE8BAD /* AppDelegate.swift */; };
		D077992128EC28C000AE8BAD /* SceneDelegate.swift in Sources */ = {isa = PBXBuildFile; fileRef = D077992028EC28C000AE8BAD /* SceneDelegate.swift */; };
		D077992328EC28C000AE8BAD /* ViewController.swift in Sources */ = {isa = PBXBuildFile; fileRef = D077992228EC28C000AE8BAD /* ViewController.swift */; };
		D077992628EC28C000AE8BAD /* Main.storyboard in Resources */ = {isa = PBXBuildFile; fileRef = D077992428EC28C000AE8BAD /* Main.storyboard */; };
		D077992828EC28C400AE8BAD /* Assets.xcassets in Resources */ = {isa = PBXBuildFile; fileRef = D077992728EC28C400AE8BAD /* Assets.xcassets */; };
		D077992B28EC28C400AE8BAD /* LaunchScreen.storyboard in Resources */ = {isa = PBXBuildFile; fileRef = D077992928EC28C400AE8BAD /* LaunchScreen.storyboard */; };
		D077993328EC2B1400AE8BAD /* FilmHucre.swift in Sources */ = {isa = PBXBuildFile; fileRef = D077993228EC2B1400AE8BAD /* FilmHucre.swift */; };
		D077993528EC2CBE00AE8BAD /* Filmler.swift in Sources */ = {isa = PBXBuildFile; fileRef = D077993428EC2CBE00AE8BAD /* Filmler.swift */; };
/* End PBXBuildFile section */

/* Begin PBXFileReference section */
		D077991B28EC28C000AE8BAD /* Detayli CollectionView Kullanimi.app */ = {isa = PBXFileReference; explicitFileType = wrapper.application; includeInIndex = 0; path = "Detayli CollectionView Kullanimi.app"; sourceTree = BUILT_PRODUCTS_DIR; };
		D077991E28EC28C000AE8BAD /* AppDelegate.swift */ = {isa = PBXFileReference; lastKnownFileType = sourcecode.swift; path = AppDelegate.swift; sourceTree = "<group>"; };
		D077992028EC28C000AE8BAD /* SceneDelegate.swift */ = {isa = PBXFileReference; lastKnownFileType = sourcecode.swift; path = SceneDelegate.swift; sourceTree = "<group>"; };
		D077992228EC28C000AE8BAD /* ViewController.swift */ = {isa = PBXFileReference; lastKnownFileType = sourcecode.swift; path = ViewController.swift; sourceTree = "<group>"; };
		D077992528EC28C000AE8BAD /* Base */ = {isa = PBXFileReference; lastKnownFileType = file.storyboard; name = Base; path = Base.lproj/Main.storyboard; sourceTree = "<group>"; };
		D077992728EC28C400AE8BAD /* Assets.xcassets */ = {isa = PBXFileReference; lastKnownFileType = folder.assetcatalog; path = Assets.xcassets; sourceTree = "<group>"; };
		D077992A28EC28C400AE8BAD /* Base */ = {isa = PBXFileReference; lastKnownFileType = file.storyboard; name = Base; path = Base.lproj/LaunchScreen.storyboard; sourceTree = "<group>"; };
		D077992C28EC28C400AE8BAD /* Info.plist */ = {isa = PBXFileReference; lastKnownFileType = text.plist.xml; path = Info.plist; sourceTree = "<group>"; };
		D077993228EC2B1400AE8BAD /* FilmHucre.swift */ = {isa = PBXFileReference; lastKnownFileType = sourcecode.swift; path = FilmHucre.swift; sourceTree = "<group>"; };
		D077993428EC2CBE00AE8BAD /* Filmler.swift */ = {isa = PBXFileReference; lastKnownFileType = sourcecode.swift; path = Filmler.swift; sourceTree = "<group>"; };
/* End PBXFileReference section */

/* Begin PBXFrameworksBuildPhase section */
		D077991828EC28C000AE8BAD /* Frameworks */ = {
			isa = PBXFrameworksBuildPhase;
			buildActionMask = 2147483647;
			files = (
			);
			runOnlyForDeploymentPostprocessing = 0;
		};
/* End PBXFrameworksBuildPhase section */

/* Begin PBXGroup section */
		D077991228EC28C000AE8BAD = {
			isa = PBXGroup;
			children = (
				D077991D28EC28C000AE8BAD /* Detayli CollectionView Kullanimi */,
				D077991C28EC28C000AE8BAD /* Products */,
			);
			sourceTree = "<group>";
		};
		D077991C28EC28C000AE8BAD /* Products */ = {
			isa = PBXGroup;
			children = (
				D077991B28EC28C000AE8BAD /* Detayli CollectionView Kullanimi.app */,
			);
			name = Products;
			sourceTree = "<group>";
		};
		D077991D28EC28C000AE8BAD /* Detayli CollectionView Kullanimi */ = {
			isa = PBXGroup;
			children = (
				D077991E28EC28C000AE8BAD /* AppDelegate.swift */,
				D077992028EC28C000AE8BAD /* SceneDelegate.swift */,
				D077992228EC28C000AE8BAD /* ViewController.swift */,
				D077992428EC28C000AE8BAD /* Main.storyboard */,
				D077992728EC28C400AE8BAD /* Assets.xcassets */,
				D077992928EC28C400AE8BAD /* LaunchScreen.storyboard */,
				D077992C28EC28C400AE8BAD /* Info.plist */,
				D077993228EC2B1400AE8BAD /* FilmHucre.swift */,
				D077993428EC2CBE00AE8BAD /* Filmler.swift */,
			);
			path = "Detayli CollectionView Kullanimi";
			sourceTree = "<group>";
		};
/* End PBXGroup section */

/* Begin PBXNativeTarget section */
		D077991A28EC28C000AE8BAD /* Detayli CollectionView Kullanimi */ = {
			isa = PBXNativeTarget;
			buildConfigurationList = D077992F28EC28C400AE8BAD /* Build configuration list for PBXNativeTarget "Detayli CollectionView Kullanimi" */;
			buildPhases = (
				D077991728EC28C000AE8BAD /* Sources */,
				D077991828EC28C000AE8BAD /* Frameworks */,
				D077991928EC28C000AE8BAD /* Resources */,
			);
			buildRules = (
			);
			dependencies = (
			);
			name = "Detayli CollectionView Kullanimi";
			productName = "Detayli CollectionView Kullanimi";
			productReference = D077991B28EC28C000AE8BAD /* Detayli CollectionView Kullanimi.app */;
			productType = "com.apple.product-type.application";
		};
/* End PBXNativeTarget section */

/* Begin PBXProject section */
		D077991328EC28C000AE8BAD /* Project object */ = {
			isa = PBXProject;
			attributes = {
				BuildIndependentTargetsInParallel = 1;
				LastSwiftUpdateCheck = 1340;
				LastUpgradeCheck = 1340;
				TargetAttributes = {
					D077991A28EC28C000AE8BAD = {
						CreatedOnToolsVersion = 13.4.1;
					};
				};
			};
			buildConfigurationList = D077991628EC28C000AE8BAD /* Build configuration list for PBXProject "Detayli CollectionView Kullanimi" */;
			compatibilityVersion = "Xcode 13.0";
			developmentRegion = en;
			hasScannedForEncodings = 0;
			knownRegions = (
				en,
				Base,
			);
			mainGroup = D077991228EC28C000AE8BAD;
			productRefGroup = D077991C28EC28C000AE8BAD /* Products */;
			projectDirPath = "";
			projectRoot = "";
			targets = (
				D077991A28EC28C000AE8BAD /* Detayli CollectionView Kullanimi */,
			);
		};
/* End PBXProject section */

/* Begin PBXResourcesBuildPhase section */
		D077991928EC28C000AE8BAD /* Resources */ = {
			isa = PBXResourcesBuildPhase;
			buildActionMask = 2147483647;
			files = (
				D077992B28EC28C400AE8BAD /* LaunchScreen.storyboard in Resources */,
				D077992828EC28C400AE8BAD /* Assets.xcassets in Resources */,
				D077992628EC28C000AE8BAD /* Main.storyboard in Resources */,
			);
			runOnlyForDeploymentPostprocessing = 0;
		};
/* End PBXResourcesBuildPhase section */

/* Begin PBXSourcesBuildPhase section */
		D077991728EC28C000AE8BAD /* Sources */ = {
			isa = PBXSourcesBuildPhase;
			buildActionMask = 2147483647;
			files = (
				D077992328EC28C000AE8BAD /* ViewController.swift in Sources */,
				D077993328EC2B1400AE8BAD /* FilmHucre.swift in Sources */,
				D077991F28EC28C000AE8BAD /* AppDelegate.swift in Sources */,
				D077993528EC2CBE00AE8BAD /* Filmler.swift in Sources */,
				D077992128EC28C000AE8BAD /* SceneDelegate.swift in Sources */,
			);
			runOnlyForDeploymentPostprocessing = 0;
		};
/* End PBXSourcesBuildPhase section */

/* Begin PBXVariantGroup section */
		D077992428EC28C000AE8BAD /* Main.storyboard */ = {
			isa = PBXVariantGroup;
			children = (
				D077992528EC28C000AE8BAD /* Base */,
			);
			name = Main.storyboard;
			sourceTree = "<group>";
		};
		D077992928EC28C400AE8BAD /* LaunchScreen.storyboard */ = {
			isa = PBXVariantGroup;
			children = (
				D077992A28EC28C400AE8BAD /* Base */,
			);
			name = LaunchScreen.storyboard;
			sourceTree = "<group>";
		};
/* End PBXVariantGroup section */

/* Begin XCBuildConfiguration section */
		D077992D28EC28C400AE8BAD /* Debug */ = {
			isa = XCBuildConfiguration;
			buildSettings = {
				ALWAYS_SEARCH_USER_PATHS = NO;
				CLANG_ANALYZER_NONNULL = YES;
				CLANG_ANALYZER_NUMBER_OBJECT_CONVERSION = YES_AGGRESSIVE;
				CLANG_CXX_LANGUAGE_STANDARD = "gnu++17";
				CLANG_ENABLE_MODULES = YES;
				CLANG_ENABLE_OBJC_ARC = YES;
				CLANG_ENABLE_OBJC_WEAK = YES;
				CLANG_WARN_BLOCK_CAPTURE_AUTORELEASING = YES;
				CLANG_WARN_BOOL_CONVERSION = YES;
				CLANG_WARN_COMMA = YES;
				CLANG_WARN_CONSTANT_CONVERSION = YES;
				CLANG_WARN_DEPRECATED_OBJC_IMPLEMENTATIONS = YES;
				CLANG_WARN_DIRECT_OBJC_ISA_USAGE = YES_ERROR;
				CLANG_WARN_DOCUMENTATION_COMMENTS = YES;
				CLANG_WARN_EMPTY_BODY = YES;
				CLANG_WARN_ENUM_CONVERSION = YES;
				CLANG_WARN_INFINITE_RECURSION = YES;
				CLANG_WARN_INT_CONVERSION = YES;
				CLANG_WARN_NON_LITERAL_NULL_CONVERSION = YES;
				CLANG_WARN_OBJC_IMPLICIT_RETAIN_SELF = YES;
				CLANG_WARN_OBJC_LITERAL_CONVERSION = YES;
				CLANG_WARN_OBJC_ROOT_CLASS = YES_ERROR;
				CLANG_WARN_QUOTED_INCLUDE_IN_FRAMEWORK_HEADER = YES;
				CLANG_WARN_RANGE_LOOP_ANALYSIS = YES;
				CLANG_WARN_STRICT_PROTOTYPES = YES;
				CLANG_WARN_SUSPICIOUS_MOVE = YES;
				CLANG_WARN_UNGUARDED_AVAILABILITY = YES_AGGRESSIVE;
				CLANG_WARN_UNREACHABLE_CODE = YES;
				CLANG_WARN__DUPLICATE_METHOD_MATCH = YES;
				COPY_PHASE_STRIP = NO;
				DEBUG_INFORMATION_FORMAT = dwarf;
				ENABLE_STRICT_OBJC_MSGSEND = YES;
				ENABLE_TESTABILITY = YES;
				GCC_C_LANGUAGE_STANDARD = gnu11;
				GCC_DYNAMIC_NO_PIC = NO;
				GCC_NO_COMMON_BLOCKS = YES;
				GCC_OPTIMIZATION_LEVEL = 0;
				GCC_PREPROCESSOR_DEFINITIONS = (
					"DEBUG=1",
					"$(inherited)",
				);
				GCC_WARN_64_TO_32_BIT_CONVERSION = YES;
				GCC_WARN_ABOUT_RETURN_TYPE = YES_ERROR;
				GCC_WARN_UNDECLARED_SELECTOR = YES;
				GCC_WARN_UNINITIALIZED_AUTOS = YES_AGGRESSIVE;
				GCC_WARN_UNUSED_FUNCTION = YES;
				GCC_WARN_UNUSED_VARIABLE = YES;
				IPHONEOS_DEPLOYMENT_TARGET = 15.5;
				MTL_ENABLE_DEBUG_INFO = INCLUDE_SOURCE;
				MTL_FAST_MATH = YES;
				ONLY_ACTIVE_ARCH = YES;
				SDKROOT = iphoneos;
				SWIFT_ACTIVE_COMPILATION_CONDITIONS = DEBUG;
				SWIFT_OPTIMIZATION_LEVEL = "-Onone";
			};
			name = Debug;
		};
		D077992E28EC28C400AE8BAD /* Release */ = {
			isa = XCBuildConfiguration;
			buildSettings = {
				ALWAYS_SEARCH_USER_PATHS = NO;
				CLANG_ANALYZER_NONNULL = YES;
				CLANG_ANALYZER_NUMBER_OBJECT_CONVERSION = YES_AGGRESSIVE;
				CLANG_CXX_LANGUAGE_STANDARD = "gnu++17";
				CLANG_ENABLE_MODULES = YES;
				CLANG_ENABLE_OBJC_ARC = YES;
				CLANG_ENABLE_OBJC_WEAK = YES;
				CLANG_WARN_BLOCK_CAPTURE_AUTORELEASING = YES;
				CLANG_WARN_BOOL_CONVERSION = YES;
				CLANG_WARN_COMMA = YES;
				CLANG_WARN_CONSTANT_CONVERSION = YES;
				CLANG_WARN_DEPRECATED_OBJC_IMPLEMENTATIONS = YES;
				CLANG_WARN_DIRECT_OBJC_ISA_USAGE = YES_ERROR;
				CLANG_WARN_DOCUMENTATION_COMMENTS = YES;
				CLANG_WARN_EMPTY_BODY = YES;
				CLANG_WARN_ENUM_CONVERSION = YES;
				CLANG_WARN_INFINITE_RECURSION = YES;
				CLANG_WARN_INT_CONVERSION = YES;
				CLANG_WARN_NON_LITERAL_NULL_CONVERSION = YES;
				CLANG_WARN_OBJC_IMPLICIT_RETAIN_SELF = YES;
				CLANG_WARN_OBJC_LITERAL_CONVERSION = YES;
				CLANG_WARN_OBJC_ROOT_CLASS = YES_ERROR;
				CLANG_WARN_QUOTED_INCLUDE_IN_FRAMEWORK_HEADER = YES;
				CLANG_WARN_RANGE_LOOP_ANALYSIS = YES;
				CLANG_WARN_STRICT_PROTOTYPES = YES;
				CLANG_WARN_SUSPICIOUS_MOVE = YES;
				CLANG_WARN_UNGUARDED_AVAILABILITY = YES_AGGRESSIVE;
				CLANG_WARN_UNREACHABLE_CODE = YES;
				CLANG_WARN__DUPLICATE_METHOD_MATCH = YES;
				COPY_PHASE_STRIP = NO;
				DEBUG_INFORMATION_FORMAT = "dwarf-with-dsym";
				ENABLE_NS_ASSERTIONS = NO;
				ENABLE_STRICT_OBJC_MSGSEND = YES;
				GCC_C_LANGUAGE_STANDARD = gnu11;
				GCC_NO_COMMON_BLOCKS = YES;
				GCC_WARN_64_TO_32_BIT_CONVERSION = YES;
				GCC_WARN_ABOUT_RETURN_TYPE = YES_ERROR;
				GCC_WARN_UNDECLARED_SELECTOR = YES;
				GCC_WARN_UNINITIALIZED_AUTOS = YES_AGGRESSIVE;
				GCC_WARN_UNUSED_FUNCTION = YES;
				GCC_WARN_UNUSED_VARIABLE = YES;
				IPHONEOS_DEPLOYMENT_TARGET = 15.5;
				MTL_ENABLE_DEBUG_INFO = NO;
				MTL_FAST_MATH = YES;
				SDKROOT = iphoneos;
				SWIFT_COMPILATION_MODE = wholemodule;
				SWIFT_OPTIMIZATION_LEVEL = "-O";
				VALIDATE_PRODUCT = YES;
			};
			name = Release;
		};
		D077993028EC28C400AE8BAD /* Debug */ = {
			isa = XCBuildConfiguration;
			buildSettings = {
				ASSETCATALOG_COMPILER_APPICON_NAME = AppIcon;
				ASSETCATALOG_COMPILER_GLOBAL_ACCENT_COLOR_NAME = AccentColor;
				CODE_SIGN_STYLE = Automatic;
				CURRENT_PROJECT_VERSION = 1;
				GENERATE_INFOPLIST_FILE = YES;
				INFOPLIST_FILE = "Detayli CollectionView Kullanimi/Info.plist";
				INFOPLIST_KEY_UIApplicationSupportsIndirectInputEvents = YES;
				INFOPLIST_KEY_UILaunchStoryboardName = LaunchScreen;
				INFOPLIST_KEY_UIMainStoryboardFile = Main;
				INFOPLIST_KEY_UISupportedInterfaceOrientations_iPad = "UIInterfaceOrientationPortrait UIInterfaceOrientationPortraitUpsideDown UIInterfaceOrientationLandscapeLeft UIInterfaceOrientationLandscapeRight";
				INFOPLIST_KEY_UISupportedInterfaceOrientations_iPhone = "UIInterfaceOrientationPortrait UIInterfaceOrientationLandscapeLeft UIInterfaceOrientationLandscapeRight";
				LD_RUNPATH_SEARCH_PATHS = (
					"$(inherited)",
					"@executable_path/Frameworks",
				);
				MARKETING_VERSION = 1.0;
				PRODUCT_BUNDLE_IDENTIFIER = "com.info.Detayli-CollectionView-Kullanimi";
				PRODUCT_NAME = "$(TARGET_NAME)";
				SWIFT_EMIT_LOC_STRINGS = YES;
				SWIFT_VERSION = 5.0;
				TARGETED_DEVICE_FAMILY = "1,2";
			};
			name = Debug;
		};
		D077993128EC28C400AE8BAD /* Release */ = {
			isa = XCBuildConfiguration;
			buildSettings = {
				ASSETCATALOG_COMPILER_APPICON_NAME = AppIcon;
				ASSETCATALOG_COMPILER_GLOBAL_ACCENT_COLOR_NAME = AccentColor;
				CODE_SIGN_STYLE = Automatic;
				CURRENT_PROJECT_VERSION = 1;
				GENERATE_INFOPLIST_FILE = YES;
				INFOPLIST_FILE = "Detayli CollectionView Kullanimi/Info.plist";
				INFOPLIST_KEY_UIApplicationSupportsIndirectInputEvents = YES;
				INFOPLIST_KEY_UILaunchStoryboardName = LaunchScreen;
				INFOPLIST_KEY_UIMainStoryboardFile = Main;
				INFOPLIST_KEY_UISupportedInterfaceOrientations_iPad = "UIInterfaceOrientationPortrait UIInterfaceOrientationPortraitUpsideDown UIInterfaceOrientationLandscapeLeft UIInterfaceOrientationLandscapeRight";
				INFOPLIST_KEY_UISupportedInterfaceOrientations_iPhone = "UIInterfaceOrientationPortrait UIInterfaceOrientationLandscapeLeft UIInterfaceOrientationLandscapeRight";
				LD_RUNPATH_SEARCH_PATHS = (
					"$(inherited)",
					"@executable_path/Frameworks",
				);
				MARKETING_VERSION = 1.0;
				PRODUCT_BUNDLE_IDENTIFIER = "com.info.Detayli-CollectionView-Kullanimi";
				PRODUCT_NAME = "$(TARGET_NAME)";
				SWIFT_EMIT_LOC_STRINGS = YES;
				SWIFT_VERSION = 5.0;
				TARGETED_DEVICE_FAMILY = "1,2";
			};
			name = Release;
		};
/* End XCBuildConfiguration section */

/* Begin XCConfigurationList section */
		D077991628EC28C000AE8BAD /* Build configuration list for PBXProject "Detayli CollectionView Kullanimi" */ = {
			isa = XCConfigurationList;
			buildConfigurations = (
				D077992D28EC28C400AE8BAD /* Debug */,
				D077992E28EC28C400AE8BAD /* Release */,
			);
			defaultConfigurationIsVisible = 0;
			defaultConfigurationName = Release;
		};
		D077992F28EC28C400AE8BAD /* Build configuration list for PBXNativeTarget "Detayli CollectionView Kullanimi" */ = {
			isa = XCConfigurationList;
			buildConfigurations = (
				D077993028EC28C400AE8BAD /* Debug */,
				D077993128EC28C400AE8BAD /* Release */,
			);
			defaultConfigurationIsVisible = 0;
			defaultConfigurationName = Release;
		};
/* End XCConfigurationList section */
	};
	rootObject = D077991328EC28C000AE8BAD /* Project object */;
}
